Microsoft Visual Studio Solution File, Format Version 12.00
# Visual Studio Version 16
VisualStudioVersion = 16.0.29613.14
MinimumVisualStudioVersion = 10.0.40219.1
Project("{9A19103F-16F7-4668-BE54-9A1E7A4F7556}") = "Core", "Core\Core.csproj", "{4170828D-B20C-4AEB-89B1-12CAEB51A469}"
EndProject
Project("{9A19103F-16F7-4668-BE54-9A1E7A4F7556}") = "Core.Tests", "Core.Tests\Core.Tests.csproj", "{0B74D9A6-AAFC-4B88-A4BB-5EE16765DE1D}"
EndProject
Project("{9A19103F-16F7-4668-BE54-9A1E7A4F7556}") = "BlazorUI", "BlazorUI\BlazorUI.csproj", "{D4341A03-0A9B-4C27-A593-8985D3D1EA21}"
EndProject
Project("{9A19103F-16F7-4668-BE54-9A1E7A4F7556}") = "WinFormsUI", "WinFormsUI\WinFormsUI.csproj", "{FBB92B19-154F-4308-AA81-DDDDEDDADAAA}"
EndProject
Global
	GlobalSection(SolutionConfigurationPlatforms) = preSolution
		Debug|Any CPU = Debug|Any CPU
		Debug|x86 = Debug|x86
		Release|Any CPU = Release|Any CPU
		Release|x86 = Release|x86
	EndGlobalSection
	GlobalSection(ProjectConfigurationPlatforms) = postSolution
		{4170828D-B20C-4AEB-89B1-12CAEB51A469}.Debug|Any CPU.ActiveCfg = Debug|Any CPU
		{4170828D-B20C-4AEB-89B1-12CAEB51A469}.Debug|Any CPU.Build.0 = Debug|Any CPU
		{4170828D-B20C-4AEB-89B1-12CAEB51A469}.Debug|x86.ActiveCfg = Debug|Any CPU
		{4170828D-B20C-4AEB-89B1-12CAEB51A469}.Debug|x86.Build.0 = Debug|Any CPU
		{4170828D-B20C-4AEB-89B1-12CAEB51A469}.Release|Any CPU.ActiveCfg = Release|Any CPU
		{4170828D-B20C-4AEB-89B1-12CAEB51A469}.Release|Any CPU.Build.0 = Release|Any CPU
		{4170828D-B20C-4AEB-89B1-12CAEB51A469}.Release|x86.ActiveCfg = Release|Any CPU
		{4170828D-B20C-4AEB-89B1-12CAEB51A469}.Release|x86.Build.0 = Release|Any CPU
		{0B74D9A6-AAFC-4B88-A4BB-5EE16765DE1D}.Debug|Any CPU.ActiveCfg = Debug|Any CPU
		{0B74D9A6-AAFC-4B88-A4BB-5EE16765DE1D}.Debug|Any CPU.Build.0 = Debug|Any CPU
		{0B74D9A6-AAFC-4B88-A4BB-5EE16765DE1D}.Debug|x86.ActiveCfg = Debug|Any CPU
		{0B74D9A6-AAFC-4B88-A4BB-5EE16765DE1D}.Debug|x86.Build.0 = Debug|Any CPU
		{0B74D9A6-AAFC-4B88-A4BB-5EE16765DE1D}.Release|Any CPU.ActiveCfg = Release|Any CPU
		{0B74D9A6-AAFC-4B88-A4BB-5EE16765DE1D}.Release|Any CPU.Build.0 = Release|Any CPU
		{0B74D9A6-AAFC-4B88-A4BB-5EE16765DE1D}.Release|x86.ActiveCfg = Release|Any CPU
		{0B74D9A6-AAFC-4B88-A4BB-5EE16765DE1D}.Release|x86.Build.0 = Release|Any CPU
		{D4341A03-0A9B-4C27-A593-8985D3D1EA21}.Debug|Any CPU.ActiveCfg = Debug|Any CPU
		{D4341A03-0A9B-4C27-A593-8985D3D1EA21}.Debug|Any CPU.Build.0 = Debug|Any CPU
		{D4341A03-0A9B-4C27-A593-8985D3D1EA21}.Debug|x86.ActiveCfg = Debug|Any CPU
		{D4341A03-0A9B-4C27-A593-8985D3D1EA21}.Debug|x86.Build.0 = Debug|Any CPU
		{D4341A03-0A9B-4C27-A593-8985D3D1EA21}.Release|Any CPU.ActiveCfg = Release|Any CPU
		{D4341A03-0A9B-4C27-A593-8985D3D1EA21}.Release|Any CPU.Build.0 = Release|Any CPU
		{D4341A03-0A9B-4C27-A593-8985D3D1EA21}.Release|x86.ActiveCfg = Release|Any CPU
		{D4341A03-0A9B-4C27-A593-8985D3D1EA21}.Release|x86.Build.0 = Release|Any CPU
		{FBB92B19-154F-4308-AA81-DDDDEDDADAAA}.Debug|Any CPU.ActiveCfg = Debug|Any CPU
		{FBB92B19-154F-4308-AA81-DDDDEDDADAAA}.Debug|Any CPU.Build.0 = Debug|Any CPU
		{FBB92B19-154F-4308-AA81-DDDDEDDADAAA}.Debug|x86.ActiveCfg = Debug|Any CPU
		{FBB92B19-154F-4308-AA81-DDDDEDDADAAA}.Debug|x86.Build.0 = Debug|Any CPU
		{FBB92B19-154F-4308-AA81-DDDDEDDADAAA}.Release|Any CPU.ActiveCfg = Release|Any CPU
		{FBB92B19-154F-4308-AA81-DDDDEDDADAAA}.Release|Any CPU.Build.0 = Release|Any CPU
		{FBB92B19-154F-4308-AA81-DDDDEDDADAAA}.Release|x86.ActiveCfg = Release|Any CPU
		{FBB92B19-154F-4308-AA81-DDDDEDDADAAA}.Release|x86.Build.0 = Release|Any CPU
	EndGlobalSection
	GlobalSection(SolutionProperties) = preSolution
		HideSolutionNode = FALSE
	EndGlobalSection
	GlobalSection(ExtensibilityGlobals) = postSolution
		SolutionGuid = {250E06D7-096C-4450-94C0-124BCB2522D8}
	EndGlobalSection
EndGlobal
