Microsoft Visual Studio Solution File, Format Version 12.00
# Visual Studio Version 16
VisualStudioVersion = 16.0.29613.14
MinimumVisualStudioVersion = 10.0.40219.1
Project("{9A19103F-16F7-4668-BE54-9A1E7A4F7556}") = "Core", "Core\Core.csproj", "{4170828D-B20C-4AEB-89B1-12CAEB51A469}"
EndProject
Project("{FAE04EC0-301F-11D3-BF4B-00C04F79EFBC}") = "WinFormsUI", "WinFormsUI\WinFormsUI.csproj", "{FBB92B19-154F-4308-AA81-DDDDEDDADAAA}"
EndProject
Global
	GlobalSection(SolutionConfigurationPlatforms) = preSolution
		Debug|Any CPU = Debug|Any CPU
		Debug|x86 = Debug|x86
		Release|Any CPU = Release|Any CPU
		Release|x86 = Release|x86
	EndGlobalSection
	GlobalSection(ProjectConfigurationPlatforms) = postSolution
		{4170828D-B20C-4AEB-89B1-12CAEB51A469}.Debug|Any CPU.ActiveCfg = Debug|Any CPU
		{4170828D-B20C-4AEB-89B1-12CAEB51A469}.Debug|Any CPU.Build.0 = Debug|Any CPU
		{4170828D-B20C-4AEB-89B1-12CAEB51A469}.Debug|x86.ActiveCfg = Debug|Any CPU
		{4170828D-B20C-4AEB-89B1-12CAEB51A469}.Debug|x86.Build.0 = Debug|Any CPU
		{4170828D-B20C-4AEB-89B1-12CAEB51A469}.Release|Any CPU.ActiveCfg = Release|Any CPU
		{4170828D-B20C-4AEB-89B1-12CAEB51A469}.Release|Any CPU.Build.0 = Release|Any CPU
		{4170828D-B20C-4AEB-89B1-12CAEB51A469}.Release|x86.ActiveCfg = Release|Any CPU
		{4170828D-B20C-4AEB-89B1-12CAEB51A469}.Release|x86.Build.0 = Release|Any CPU
		{FBB92B19-154F-4308-AA81-DDDDEDDADAAA}.Debug|Any CPU.ActiveCfg = Debug|Any CPU
		{FBB92B19-154F-4308-AA81-DDDDEDDADAAA}.Debug|Any CPU.Build.0 = Debug|Any CPU
		{FBB92B19-154F-4308-AA81-DDDDEDDADAAA}.Debug|x86.ActiveCfg = Debug|Any CPU
		{FBB92B19-154F-4308-AA81-DDDDEDDADAAA}.Debug|x86.Build.0 = Debug|Any CPU
		{FBB92B19-154F-4308-AA81-DDDDEDDADAAA}.Release|Any CPU.ActiveCfg = Release|Any CPU
		{FBB92B19-154F-4308-AA81-DDDDEDDADAAA}.Release|Any CPU.Build.0 = Release|Any CPU
		{FBB92B19-154F-4308-AA81-DDDDEDDADAAA}.Release|x86.ActiveCfg = Release|Any CPU
		{FBB92B19-154F-4308-AA81-DDDDEDDADAAA}.Release|x86.Build.0 = Release|Any CPU
	EndGlobalSection
	GlobalSection(SolutionProperties) = preSolution
		HideSolutionNode = FALSE
	EndGlobalSection
	GlobalSection(ExtensibilityGlobals) = postSolution
		SolutionGuid = {250E06D7-096C-4450-94C0-124BCB2522D8}
	EndGlobalSection
EndGlobal
